
Microsoft Visual Studio Solution File, Format Version 12.00
# Visual Studio Version 17
VisualStudioVersion = 17.10.34707.107
MinimumVisualStudioVersion = 10.0.40219.1
Project("{9A19103F-16F7-4668-BE54-9A1E7A4F7556}") = "DotNet8.DapperConsoleApp", "DotNet8.DapperConsoleApp\DotNet8.DapperConsoleApp.csproj", "{283D0140-FFE5-4F2D-81A8-8DD81AAFC791}"
EndProject
Project("{FAE04EC0-301F-11D3-BF4B-00C04F79EFBC}") = "DotNet8.DapperServiceDbConnection", "DotNet8.DapperServiceDbConnection\DotNet8.DapperServiceDbConnection.csproj", "{76D95779-FC9B-4477-8389-C03CE3F75B62}"
EndProject
Global
	GlobalSection(SolutionConfigurationPlatforms) = preSolution
		Debug|Any CPU = Debug|Any CPU
		Release|Any CPU = Release|Any CPU
	EndGlobalSection
	GlobalSection(ProjectConfigurationPlatforms) = postSolution
		{283D0140-FFE5-4F2D-81A8-8DD81AAFC791}.Debug|Any CPU.ActiveCfg = Debug|Any CPU
		{283D0140-FFE5-4F2D-81A8-8DD81AAFC791}.Debug|Any CPU.Build.0 = Debug|Any CPU
		{283D0140-FFE5-4F2D-81A8-8DD81AAFC791}.Release|Any CPU.ActiveCfg = Release|Any CPU
		{283D0140-FFE5-4F2D-81A8-8DD81AAFC791}.Release|Any CPU.Build.0 = Release|Any CPU
		{76D95779-FC9B-4477-8389-C03CE3F75B62}.Debug|Any CPU.ActiveCfg = Debug|Any CPU
		{76D95779-FC9B-4477-8389-C03CE3F75B62}.Debug|Any CPU.Build.0 = Debug|Any CPU
		{76D95779-FC9B-4477-8389-C03CE3F75B62}.Release|Any CPU.ActiveCfg = Release|Any CPU
		{76D95779-FC9B-4477-8389-C03CE3F75B62}.Release|Any CPU.Build.0 = Release|Any CPU
	EndGlobalSection
	GlobalSection(SolutionProperties) = preSolution
		HideSolutionNode = FALSE
	EndGlobalSection
	GlobalSection(ExtensibilityGlobals) = postSolution
		SolutionGuid = {08F34FA7-BB8E-4D77-B2F9-81425DB75107}
	EndGlobalSection
EndGlobal
